
Microsoft Visual Studio Solution File, Format Version 12.00
# Visual Studio Version 17
VisualStudioVersion = 17.8.34511.84
MinimumVisualStudioVersion = 10.0.40219.1
Project("{FAE04EC0-301F-11D3-BF4B-00C04F79EFBC}") = "ThucTapChuyenNganh", "ThucTapChuyenNganh\ThucTapChuyenNganh.csproj", "{12F73F0B-D876-4EED-9454-FCF4AECFB827}"
EndProject
Global
	GlobalSection(SolutionConfigurationPlatforms) = preSolution
		Debug|Any CPU = Debug|Any CPU
		Release|Any CPU = Release|Any CPU
	EndGlobalSection
	GlobalSection(ProjectConfigurationPlatforms) = postSolution
		{12F73F0B-D876-4EED-9454-FCF4AECFB827}.Debug|Any CPU.ActiveCfg = Debug|Any CPU
		{12F73F0B-D876-4EED-9454-FCF4AECFB827}.Debug|Any CPU.Build.0 = Debug|Any CPU
		{12F73F0B-D876-4EED-9454-FCF4AECFB827}.Release|Any CPU.ActiveCfg = Release|Any CPU
		{12F73F0B-D876-4EED-9454-FCF4AECFB827}.Release|Any CPU.Build.0 = Release|Any CPU
	EndGlobalSection
	GlobalSection(SolutionProperties) = preSolution
		HideSolutionNode = FALSE
	EndGlobalSection
	GlobalSection(ExtensibilityGlobals) = postSolution
		SolutionGuid = {1FFCD520-9F04-4476-A52E-4E74F717F561}
	EndGlobalSection
EndGlobal
